
Microsoft Visual Studio Solution File, Format Version 12.00
# Visual Studio Version 16
VisualStudioVersion = 16.0.29613.14
MinimumVisualStudioVersion = 10.0.40219.1
Project("{8BC9CEB8-8B4A-11D0-8D11-00A0C91BC942}") = "Baekjoon_algorithm", "Baekjoon_algorithm\Baekjoon_algorithm.vcxproj", "{433E0784-5093-462D-8813-7062F4C5C100}"
EndProject
Global
	GlobalSection(SolutionConfigurationPlatforms) = preSolution
		Debug|x64 = Debug|x64
		Debug|x86 = Debug|x86
		Release|x64 = Release|x64
		Release|x86 = Release|x86
	EndGlobalSection
	GlobalSection(ProjectConfigurationPlatforms) = postSolution
		{433E0784-5093-462D-8813-7062F4C5C100}.Debug|x64.ActiveCfg = Debug|x64
		{433E0784-5093-462D-8813-7062F4C5C100}.Debug|x64.Build.0 = Debug|x64
		{433E0784-5093-462D-8813-7062F4C5C100}.Debug|x86.ActiveCfg = Debug|Win32
		{433E0784-5093-462D-8813-7062F4C5C100}.Debug|x86.Build.0 = Debug|Win32
		{433E0784-5093-462D-8813-7062F4C5C100}.Release|x64.ActiveCfg = Release|x64
		{433E0784-5093-462D-8813-7062F4C5C100}.Release|x64.Build.0 = Release|x64
		{433E0784-5093-462D-8813-7062F4C5C100}.Release|x86.ActiveCfg = Release|Win32
		{433E0784-5093-462D-8813-7062F4C5C100}.Release|x86.Build.0 = Release|Win32
	EndGlobalSection
	GlobalSection(SolutionProperties) = preSolution
		HideSolutionNode = FALSE
	EndGlobalSection
	GlobalSection(ExtensibilityGlobals) = postSolution
		SolutionGuid = {269F603D-A461-48F0-8886-3DD906F048C3}
	EndGlobalSection
EndGlobal
