
Microsoft Visual Studio Solution File, Format Version 12.00
# Visual Studio Version 16
VisualStudioVersion = 16.0.29613.14
MinimumVisualStudioVersion = 10.0.40219.1
Project("{8BC9CEB8-8B4A-11D0-8D11-00A0C91BC942}") = "merge", "merge\merge.vcxproj", "{CF3E619A-2DEE-4145-ACF5-1BC1E60BD73D}"
EndProject
Global
	GlobalSection(SolutionConfigurationPlatforms) = preSolution
		Debug|x64 = Debug|x64
		Debug|x86 = Debug|x86
		Release|x64 = Release|x64
		Release|x86 = Release|x86
	EndGlobalSection
	GlobalSection(ProjectConfigurationPlatforms) = postSolution
		{CF3E619A-2DEE-4145-ACF5-1BC1E60BD73D}.Debug|x64.ActiveCfg = Debug|x64
		{CF3E619A-2DEE-4145-ACF5-1BC1E60BD73D}.Debug|x64.Build.0 = Debug|x64
		{CF3E619A-2DEE-4145-ACF5-1BC1E60BD73D}.Debug|x86.ActiveCfg = Debug|Win32
		{CF3E619A-2DEE-4145-ACF5-1BC1E60BD73D}.Debug|x86.Build.0 = Debug|Win32
		{CF3E619A-2DEE-4145-ACF5-1BC1E60BD73D}.Release|x64.ActiveCfg = Release|x64
		{CF3E619A-2DEE-4145-ACF5-1BC1E60BD73D}.Release|x64.Build.0 = Release|x64
		{CF3E619A-2DEE-4145-ACF5-1BC1E60BD73D}.Release|x86.ActiveCfg = Release|Win32
		{CF3E619A-2DEE-4145-ACF5-1BC1E60BD73D}.Release|x86.Build.0 = Release|Win32
	EndGlobalSection
	GlobalSection(SolutionProperties) = preSolution
		HideSolutionNode = FALSE
	EndGlobalSection
	GlobalSection(ExtensibilityGlobals) = postSolution
		SolutionGuid = {89912033-0E2A-43F3-8675-A179018C9C6D}
	EndGlobalSection
EndGlobal
